
Microsoft Visual Studio Solution File, Format Version 12.00
# Visual Studio Version 17
VisualStudioVersion = 17.4.33122.133
MinimumVisualStudioVersion = 10.0.40219.1
Project("{FAE04EC0-301F-11D3-BF4B-00C04F79EFBC}") = "QueueExample", "QueueExample\QueueExample.csproj", "{385C73E2-EBEE-4FB4-BB98-7872B21336A5}"
EndProject
Global
	GlobalSection(SolutionConfigurationPlatforms) = preSolution
		Debug|Any CPU = Debug|Any CPU
		Release|Any CPU = Release|Any CPU
	EndGlobalSection
	GlobalSection(ProjectConfigurationPlatforms) = postSolution
		{385C73E2-EBEE-4FB4-BB98-7872B21336A5}.Debug|Any CPU.ActiveCfg = Debug|Any CPU
		{385C73E2-EBEE-4FB4-BB98-7872B21336A5}.Debug|Any CPU.Build.0 = Debug|Any CPU
		{385C73E2-EBEE-4FB4-BB98-7872B21336A5}.Release|Any CPU.ActiveCfg = Release|Any CPU
		{385C73E2-EBEE-4FB4-BB98-7872B21336A5}.Release|Any CPU.Build.0 = Release|Any CPU
	EndGlobalSection
	GlobalSection(SolutionProperties) = preSolution
		HideSolutionNode = FALSE
	EndGlobalSection
	GlobalSection(ExtensibilityGlobals) = postSolution
		SolutionGuid = {06B88D84-F4C5-41FE-B805-D64474DB0276}
	EndGlobalSection
EndGlobal
